{
  "nodes": {
    "common-homeenv": {
      "flake": false,
      "locked": {
        "lastModified": 1747501237,
        "narHash": "sha256-WbPzX/g5EVUMXW4OF/3MF7aN4kKKx1EA7NYhqV1j7mg=",
        "owner": "rhasselbaum",
        "repo": "homeenv",
        "rev": "ce07c5884b7911a3a1df412889102f953c2ddb59",
        "type": "github"
      },
      "original": {
        "owner": "rhasselbaum",
        "repo": "homeenv",
        "type": "github"
      }
    },
    "disko": {
      "inputs": {
        "nixpkgs": "nixpkgs"
      },
      "locked": {
        "lastModified": 1748225455,
        "narHash": "sha256-AzlJCKaM4wbEyEpV3I/PUq5mHnib2ryEy32c+qfj6xk=",
        "owner": "nix-community",
        "repo": "disko",
        "rev": "a894f2811e1ee8d10c50560551e50d6ab3c392ba",
        "type": "github"
      },
      "original": {
        "owner": "nix-community",
        "repo": "disko",
        "type": "github"
      }
    },
    "duplicity-unattended": {
      "inputs": {
        "nixpkgs": [
          "nixpkgs"
        ],
        "utils": "utils"
      },
      "locked": {
        "lastModified": 1745096636,
        "narHash": "sha256-TWwfPp5fPvQ194S0shML9OpMMDf2/xl5fJ2Rb5D1qWc=",
        "owner": "rhasselbaum",
        "repo": "duplicity-unattended",
        "rev": "61668f746da41a63c1af96987b68fe175b0fb839",
        "type": "github"
      },
      "original": {
        "owner": "rhasselbaum",
        "ref": "flake",
        "repo": "duplicity-unattended",
        "type": "github"
      }
    },
    "flake-utils": {
      "inputs": {
        "systems": "systems_2"
      },
      "locked": {
        "lastModified": 1731533236,
        "narHash": "sha256-l0KFg5HjrsfsO/JpG+r7fRrqm12kzFHyUHqHCVpMMbI=",
        "owner": "numtide",
        "repo": "flake-utils",
        "rev": "11707dc2f618dd54ca8739b309ec4fc024de578b",
        "type": "github"
      },
      "original": {
        "owner": "numtide",
        "repo": "flake-utils",
        "type": "github"
      }
    },
    "flake-utils_2": {
      "inputs": {
        "systems": "systems_3"
      },
      "locked": {
        "lastModified": 1731533236,
        "narHash": "sha256-l0KFg5HjrsfsO/JpG+r7fRrqm12kzFHyUHqHCVpMMbI=",
        "owner": "numtide",
        "repo": "flake-utils",
        "rev": "11707dc2f618dd54ca8739b309ec4fc024de578b",
        "type": "github"
      },
      "original": {
        "owner": "numtide",
        "repo": "flake-utils",
        "type": "github"
      }
    },
    "flake-utils_3": {
      "inputs": {
        "systems": "systems_4"
      },
      "locked": {
        "lastModified": 1731533236,
        "narHash": "sha256-l0KFg5HjrsfsO/JpG+r7fRrqm12kzFHyUHqHCVpMMbI=",
        "owner": "numtide",
        "repo": "flake-utils",
        "rev": "11707dc2f618dd54ca8739b309ec4fc024de578b",
        "type": "github"
      },
      "original": {
        "owner": "numtide",
        "repo": "flake-utils",
        "type": "github"
      }
    },
    "flake-utils_4": {
      "inputs": {
        "systems": "systems_5"
      },
      "locked": {
        "lastModified": 1731533236,
        "narHash": "sha256-l0KFg5HjrsfsO/JpG+r7fRrqm12kzFHyUHqHCVpMMbI=",
        "owner": "numtide",
        "repo": "flake-utils",
        "rev": "11707dc2f618dd54ca8739b309ec4fc024de578b",
        "type": "github"
      },
      "original": {
        "owner": "numtide",
        "repo": "flake-utils",
        "type": "github"
      }
    },
    "home-manager": {
      "inputs": {
        "nixpkgs": [
          "nixpkgs"
        ]
      },
      "locked": {
        "lastModified": 1748668774,
        "narHash": "sha256-fYk/vk4ClmvHIgnGv/5GNRiDLtNCwXo9aLq36L/x+P4=",
        "owner": "nix-community",
        "repo": "home-manager",
        "rev": "60e4624302d956fe94d3f7d96a560d14d70591b9",
        "type": "github"
      },
      "original": {
        "owner": "nix-community",
        "repo": "home-manager",
        "type": "github"
      }
    },
    "host-tools": {
      "inputs": {
        "flake-utils": "flake-utils",
        "nixpkgs": [
          "nixpkgs"
        ]
      },
      "locked": {
        "lastModified": 1748998312,
        "narHash": "sha256-mrap1XiIHwp8Y4NSwBewESmSIohjxI8m5AtNIqWsZgs=",
        "owner": "rhasselbaum",
        "repo": "host-tools",
        "rev": "cfa3f881335a0352b1205c3f6ada43198ff0cc33",
        "type": "github"
      },
      "original": {
        "owner": "rhasselbaum",
        "repo": "host-tools",
        "type": "github"
      }
    },
    "mqtt-launcher": {
      "inputs": {
        "flake-utils": "flake-utils_2",
        "nixpkgs": [
          "nixpkgs"
        ]
      },
      "locked": {
        "lastModified": 1731801257,
        "narHash": "sha256-aYCOcZ88AQT+t3mZD3vZC5OEBULJoBMyNivE2PKWOJQ=",
        "owner": "rhasselbaum",
        "repo": "mqtt-launcher",
        "rev": "437ac620db4dd0124d1d500b3ad95d31d0aca56a",
        "type": "github"
      },
      "original": {
        "owner": "rhasselbaum",
        "ref": "flake",
        "repo": "mqtt-launcher",
        "type": "github"
      }
    },
    "nixpkgs": {
      "locked": {
        "lastModified": 1748186667,
        "narHash": "sha256-UQubDNIQ/Z42R8tPCIpY+BOhlxO8t8ZojwC9o2FW3c8=",
        "owner": "NixOS",
        "repo": "nixpkgs",
        "rev": "bdac72d387dca7f836f6ef1fe547755fb0e9df61",
        "type": "github"
      },
      "original": {
        "owner": "NixOS",
        "ref": "nixpkgs-unstable",
        "repo": "nixpkgs",
        "type": "github"
      }
    },
    "nixpkgs_2": {
      "locked": {
        "lastModified": 1748460289,
        "narHash": "sha256-7doLyJBzCllvqX4gszYtmZUToxKvMUrg45EUWaUYmBg=",
        "owner": "NixOS",
        "repo": "nixpkgs",
        "rev": "96ec055edbe5ee227f28cdbc3f1ddf1df5965102",
        "type": "github"
      },
      "original": {
        "owner": "NixOS",
        "ref": "nixos-unstable",
        "repo": "nixpkgs",
        "type": "github"
      }
    },
    "nixvirt": {
      "inputs": {
        "nixpkgs": [
          "nixpkgs"
        ]
      },
      "locked": {
        "lastModified": 1748140003,
        "narHash": "sha256-DNBZmuk1YRM2PmwbHzVdXumRjCUzQkMarg4iI/37rOQ=",
        "rev": "5dfe108fd859b122f9a96981cb6bc12297653d6c",
        "revCount": 407,
        "type": "tarball",
        "url": "https://api.flakehub.com/f/pinned/AshleyYakeley/NixVirt/0.6.0/0197059a-e45f-7446-86b5-411ccc894ab0/source.tar.gz"
      },
      "original": {
        "type": "tarball",
        "url": "https://flakehub.com/f/AshleyYakeley/NixVirt/%2A.tar.gz"
      }
    },
    "polychromatic-tools": {
      "inputs": {
        "flake-utils": "flake-utils_3",
        "nixpkgs": [
          "nixpkgs"
        ]
      },
      "locked": {
        "lastModified": 1741468498,
        "narHash": "sha256-0mrp6LysMxu9FhOqrJprDBWSKZ8beidkmAXPq2/ITTM=",
        "owner": "rhasselbaum",
        "repo": "polychromatic-tools",
        "rev": "117291e7e06e9d262a3c417ed9640eac85bef943",
        "type": "github"
      },
      "original": {
        "owner": "rhasselbaum",
        "repo": "polychromatic-tools",
        "type": "github"
      }
    },
    "root": {
      "inputs": {
        "common-homeenv": "common-homeenv",
        "disko": "disko",
        "duplicity-unattended": "duplicity-unattended",
        "home-manager": "home-manager",
        "host-tools": "host-tools",
        "mqtt-launcher": "mqtt-launcher",
        "nixpkgs": "nixpkgs_2",
        "nixvirt": "nixvirt",
        "polychromatic-tools": "polychromatic-tools",
        "snapcast-tools": "snapcast-tools"
      }
    },
    "snapcast-tools": {
      "inputs": {
        "flake-utils": "flake-utils_4",
        "nixpkgs": [
          "nixpkgs"
        ]
      },
      "locked": {
        "lastModified": 1732319455,
        "narHash": "sha256-M3o5MmYfqpu968n12AI+oIQituQacY/mUBMlCabyHtc=",
        "owner": "rhasselbaum",
        "repo": "snapcast-tools",
        "rev": "3e8b835eb62a2022f6958e1af3ff1de639db3c70",
        "type": "github"
      },
      "original": {
        "owner": "rhasselbaum",
        "repo": "snapcast-tools",
        "type": "github"
      }
    },
    "systems": {
      "locked": {
        "lastModified": 1681028828,
        "narHash": "sha256-Vy1rq5AaRuLzOxct8nz4T6wlgyUR7zLU309k9mBC768=",
        "owner": "nix-systems",
        "repo": "default",
        "rev": "da67096a3b9bf56a91d16901293e51ba5b49a27e",
        "type": "github"
      },
      "original": {
        "owner": "nix-systems",
        "repo": "default",
        "type": "github"
      }
    },
    "systems_2": {
      "locked": {
        "lastModified": 1681028828,
        "narHash": "sha256-Vy1rq5AaRuLzOxct8nz4T6wlgyUR7zLU309k9mBC768=",
        "owner": "nix-systems",
        "repo": "default",
        "rev": "da67096a3b9bf56a91d16901293e51ba5b49a27e",
        "type": "github"
      },
      "original": {
        "owner": "nix-systems",
        "repo": "default",
        "type": "github"
      }
    },
    "systems_3": {
      "locked": {
        "lastModified": 1681028828,
        "narHash": "sha256-Vy1rq5AaRuLzOxct8nz4T6wlgyUR7zLU309k9mBC768=",
        "owner": "nix-systems",
        "repo": "default",
        "rev": "da67096a3b9bf56a91d16901293e51ba5b49a27e",
        "type": "github"
      },
      "original": {
        "owner": "nix-systems",
        "repo": "default",
        "type": "github"
      }
    },
    "systems_4": {
      "locked": {
        "lastModified": 1681028828,
        "narHash": "sha256-Vy1rq5AaRuLzOxct8nz4T6wlgyUR7zLU309k9mBC768=",
        "owner": "nix-systems",
        "repo": "default",
        "rev": "da67096a3b9bf56a91d16901293e51ba5b49a27e",
        "type": "github"
      },
      "original": {
        "owner": "nix-systems",
        "repo": "default",
        "type": "github"
      }
    },
    "systems_5": {
      "locked": {
        "lastModified": 1681028828,
        "narHash": "sha256-Vy1rq5AaRuLzOxct8nz4T6wlgyUR7zLU309k9mBC768=",
        "owner": "nix-systems",
        "repo": "default",
        "rev": "da67096a3b9bf56a91d16901293e51ba5b49a27e",
        "type": "github"
      },
      "original": {
        "owner": "nix-systems",
        "repo": "default",
        "type": "github"
      }
    },
    "utils": {
      "inputs": {
        "systems": "systems"
      },
      "locked": {
        "lastModified": 1710146030,
        "narHash": "sha256-SZ5L6eA7HJ/nmkzGG7/ISclqe6oZdOZTNoesiInkXPQ=",
        "owner": "numtide",
        "repo": "flake-utils",
        "rev": "b1d9ab70662946ef0850d488da1c9019f3a9752a",
        "type": "github"
      },
      "original": {
        "owner": "numtide",
        "repo": "flake-utils",
        "type": "github"
      }
    }
  },
  "root": "root",
  "version": 7
}
